
Microsoft Visual Studio Solution File, Format Version 12.00
# Visual Studio Version 17
VisualStudioVersion = 17.8.34330.188
MinimumVisualStudioVersion = 10.0.40219.1
Project("{9A19103F-16F7-4668-BE54-9A1E7A4F7556}") = "148075.148159.PhonesCatalog", "148075.148159.PhonesCatalog\148075.148159.PhonesCatalog.csproj", "{0CD86A8E-3530-424F-A8FC-03EABC348A09}"
EndProject
Project("{9A19103F-16F7-4668-BE54-9A1E7A4F7556}") = "148075.148159.PhonesCatalog.Core", "148075.148159.PhonesCatalog.Core\148075.148159.PhonesCatalog.Core.csproj", "{76E8416A-61D3-4767-A312-1AEDF1D5A4E5}"
EndProject
Project("{9A19103F-16F7-4668-BE54-9A1E7A4F7556}") = "148075.148159.PhonesCatalog.Interfaces", "148075.148159.PhonesCatalog.Interfaces\148075.148159.PhonesCatalog.Interfaces.csproj", "{7B50EFD6-3C67-4573-BA70-83477F9F501A}"
EndProject
Project("{9A19103F-16F7-4668-BE54-9A1E7A4F7556}") = "148075.148159.PhonesCatalog.DAOMock1", "148075.148159.PhonesCatalog.DAOMock1\148075.148159.PhonesCatalog.DAOMock1.csproj", "{57E72DA9-8264-44DD-9693-5133C0AAF4CA}"
EndProject
Project("{9A19103F-16F7-4668-BE54-9A1E7A4F7556}") = "148075.148159.PhonesCatalog.BLC", "148075.148159.PhonesCatalog.BLC\148075.148159.PhonesCatalog.BLC.csproj", "{8A2A5229-86EE-4EED-90C0-2B2627C10F00}"
EndProject
Project("{9A19103F-16F7-4668-BE54-9A1E7A4F7556}") = "148075.148159.PhonesCatalog.DAOMock2", "148075.148159.PhonesCatalog.DAOMock2\148075.148159.PhonesCatalog.DAOMock2.csproj", "{78EEB2B2-0D09-483C-8B4C-FE3F9D300C8E}"
EndProject
Project("{9A19103F-16F7-4668-BE54-9A1E7A4F7556}") = "148075.148159.PhonesCatalog.DBFile", "148075.148159.PhonesCatalog.DBFile\148075.148159.PhonesCatalog.DBFile.csproj", "{3B925CCE-F5F2-44AC-9C95-42E527F0279C}"
EndProject
Project("{9A19103F-16F7-4668-BE54-9A1E7A4F7556}") = "148075.148159.PhonesCatalog.DBSQL", "148075.148159.PhonesCatalog.DBSQL\148075.148159.PhonesCatalog.DBSQL.csproj", "{F83808D5-34B7-4263-BC90-CC77DD0BE1A8}"
EndProject
Project("{FAE04EC0-301F-11D3-BF4B-00C04F79EFBC}") = "148075.148159.PhonesCatalog.UI", "148075.148159.PhonesCatalog.UI\148075.148159.PhonesCatalog.UI.csproj", "{1D58C544-483C-4BC9-A400-1E4FC4F37478}"
EndProject
Global
	GlobalSection(SolutionConfigurationPlatforms) = preSolution
		Debug|Any CPU = Debug|Any CPU
		Release|Any CPU = Release|Any CPU
	EndGlobalSection
	GlobalSection(ProjectConfigurationPlatforms) = postSolution
		{0CD86A8E-3530-424F-A8FC-03EABC348A09}.Debug|Any CPU.ActiveCfg = Debug|Any CPU
		{0CD86A8E-3530-424F-A8FC-03EABC348A09}.Debug|Any CPU.Build.0 = Debug|Any CPU
		{0CD86A8E-3530-424F-A8FC-03EABC348A09}.Release|Any CPU.ActiveCfg = Release|Any CPU
		{0CD86A8E-3530-424F-A8FC-03EABC348A09}.Release|Any CPU.Build.0 = Release|Any CPU
		{76E8416A-61D3-4767-A312-1AEDF1D5A4E5}.Debug|Any CPU.ActiveCfg = Debug|Any CPU
		{76E8416A-61D3-4767-A312-1AEDF1D5A4E5}.Debug|Any CPU.Build.0 = Debug|Any CPU
		{76E8416A-61D3-4767-A312-1AEDF1D5A4E5}.Release|Any CPU.ActiveCfg = Release|Any CPU
		{76E8416A-61D3-4767-A312-1AEDF1D5A4E5}.Release|Any CPU.Build.0 = Release|Any CPU
		{7B50EFD6-3C67-4573-BA70-83477F9F501A}.Debug|Any CPU.ActiveCfg = Debug|Any CPU
		{7B50EFD6-3C67-4573-BA70-83477F9F501A}.Debug|Any CPU.Build.0 = Debug|Any CPU
		{7B50EFD6-3C67-4573-BA70-83477F9F501A}.Release|Any CPU.ActiveCfg = Release|Any CPU
		{7B50EFD6-3C67-4573-BA70-83477F9F501A}.Release|Any CPU.Build.0 = Release|Any CPU
		{57E72DA9-8264-44DD-9693-5133C0AAF4CA}.Debug|Any CPU.ActiveCfg = Debug|Any CPU
		{57E72DA9-8264-44DD-9693-5133C0AAF4CA}.Debug|Any CPU.Build.0 = Debug|Any CPU
		{57E72DA9-8264-44DD-9693-5133C0AAF4CA}.Release|Any CPU.ActiveCfg = Release|Any CPU
		{57E72DA9-8264-44DD-9693-5133C0AAF4CA}.Release|Any CPU.Build.0 = Release|Any CPU
		{8A2A5229-86EE-4EED-90C0-2B2627C10F00}.Debug|Any CPU.ActiveCfg = Debug|Any CPU
		{8A2A5229-86EE-4EED-90C0-2B2627C10F00}.Debug|Any CPU.Build.0 = Debug|Any CPU
		{8A2A5229-86EE-4EED-90C0-2B2627C10F00}.Release|Any CPU.ActiveCfg = Release|Any CPU
		{8A2A5229-86EE-4EED-90C0-2B2627C10F00}.Release|Any CPU.Build.0 = Release|Any CPU
		{78EEB2B2-0D09-483C-8B4C-FE3F9D300C8E}.Debug|Any CPU.ActiveCfg = Debug|Any CPU
		{78EEB2B2-0D09-483C-8B4C-FE3F9D300C8E}.Debug|Any CPU.Build.0 = Debug|Any CPU
		{78EEB2B2-0D09-483C-8B4C-FE3F9D300C8E}.Release|Any CPU.ActiveCfg = Release|Any CPU
		{78EEB2B2-0D09-483C-8B4C-FE3F9D300C8E}.Release|Any CPU.Build.0 = Release|Any CPU
		{3B925CCE-F5F2-44AC-9C95-42E527F0279C}.Debug|Any CPU.ActiveCfg = Debug|Any CPU
		{3B925CCE-F5F2-44AC-9C95-42E527F0279C}.Debug|Any CPU.Build.0 = Debug|Any CPU
		{3B925CCE-F5F2-44AC-9C95-42E527F0279C}.Release|Any CPU.ActiveCfg = Release|Any CPU
		{3B925CCE-F5F2-44AC-9C95-42E527F0279C}.Release|Any CPU.Build.0 = Release|Any CPU
		{F83808D5-34B7-4263-BC90-CC77DD0BE1A8}.Debug|Any CPU.ActiveCfg = Debug|Any CPU
		{F83808D5-34B7-4263-BC90-CC77DD0BE1A8}.Debug|Any CPU.Build.0 = Debug|Any CPU
		{F83808D5-34B7-4263-BC90-CC77DD0BE1A8}.Release|Any CPU.ActiveCfg = Release|Any CPU
		{F83808D5-34B7-4263-BC90-CC77DD0BE1A8}.Release|Any CPU.Build.0 = Release|Any CPU
		{1D58C544-483C-4BC9-A400-1E4FC4F37478}.Debug|Any CPU.ActiveCfg = Debug|Any CPU
		{1D58C544-483C-4BC9-A400-1E4FC4F37478}.Debug|Any CPU.Build.0 = Debug|Any CPU
		{1D58C544-483C-4BC9-A400-1E4FC4F37478}.Release|Any CPU.ActiveCfg = Release|Any CPU
		{1D58C544-483C-4BC9-A400-1E4FC4F37478}.Release|Any CPU.Build.0 = Release|Any CPU
	EndGlobalSection
	GlobalSection(SolutionProperties) = preSolution
		HideSolutionNode = FALSE
	EndGlobalSection
	GlobalSection(ExtensibilityGlobals) = postSolution
		SolutionGuid = {8E6C8188-C934-4854-8104-23F430677351}
	EndGlobalSection
EndGlobal
